github.com/mattn/go-sqlite3 v1.14.22 h1:2gZY6PC6kBnID23Tichd1K+Z0oS6nE/XwU+Vz/5o4kU=
github.com/mattn/go-sqlite3 v1.14.22/go.mod h1:Uh1q+B4BYcTPb+yiD3kU8Ct7aC0hY9fxUwlHK0RXw+Y=
github.com/nesterow/dal/pkg/adapter v0.0.0-20240820192515-7a408c994181 h1:XAOkHxMG85vaKmES2GANIchDBSBrx3gNfrRVh3HX9PQ=
github.com/nesterow/dal/pkg/adapter v0.0.0-20240820192515-7a408c994181/go.mod h1:HMsR2Pa+AVUyQnK2DP6x6aPOqyWuMEcZboY4rVcPwiI=
github.com/nesterow/dal/pkg/facade v0.0.0-20240820192515-7a408c994181 h1:5rz6dW9EFQYPvfGg2HZkkKU8clFDUelEgvsWMfTdK+U=
github.com/nesterow/dal/pkg/facade v0.0.0-20240820192515-7a408c994181/go.mod h1:kwS1QE5e/yeWECTTm31UZvAhN7TR6dlgJFf6iFpVkjg=
github.com/nesterow/dal/pkg/handler v0.0.0-20240820192515-7a408c994181 h1:+lF7Nw1nYSkzUlHDYO6km80n0yJKPBv3MaCjz3fai7U=
github.com/nesterow/dal/pkg/handler v0.0.0-20240820192515-7a408c994181/go.mod h1:GSZHF1Afs+cGVWCuvHQJapvPRg5cABoJgwxvW6B7F4o=
github.com/nesterow/dal/pkg/proto v0.0.0-20240820192515-7a408c994181 h1:l+xA7XlNvhKc3gjiQAzOr85LaIk/ZF4Z7Swwo8jPJfk=
github.com/nesterow/dal/pkg/proto v0.0.0-20240820192515-7a408c994181/go.mod h1:tNmIeC23OmDC7p0K7YVOayItJOVvjy0VVR6jfOxMO4Y=
github.com/philhofer/fwd v1.1.3-0.20240612014219-fbbf4953d986 h1:jYi87L8j62qkXzaYHAQAhEapgukhenIMZRBKTNRLHJ4=
github.com/philhofer/fwd v1.1.3-0.20240612014219-fbbf4953d986/go.mod h1:RqIHx9QI14HlwKwm98g9Re5prTQ6LdeRQn+gXJFxsJM=
github.com/tinylib/msgp v1.2.0 h1:0uKB/662twsVBpYUPbokj4sTSKhWFKB7LopO2kWK8lY=
github.com/tinylib/msgp v1.2.0/go.mod h1:2vIGs3lcUo8izAATNobrCHevYZC/LMsJtw4JPiYPHro=
