github.com/mattn/go-sqlite3 v1.14.22 h1:2gZY6PC6kBnID23Tichd1K+Z0oS6nE/XwU+Vz/5o4kU=
github.com/mattn/go-sqlite3 v1.14.22/go.mod h1:Uh1q+B4BYcTPb+yiD3kU8Ct7aC0hY9fxUwlHK0RXw+Y=
github.com/nesterow/dal/pkg/adapter v0.0.0-20240820191021-7dcd046e6ca0 h1:6hEsRsRRgg7sNNlfgrW8q1Oy1VxdE8B1O6VA/osPKhY=
github.com/nesterow/dal/pkg/adapter v0.0.0-20240820191021-7dcd046e6ca0/go.mod h1:wjGEK1nECugo/QDtS3mpXTs+SeiENn5Ds1TiCZlKUx0=
github.com/nesterow/dal/pkg/handler v0.0.0-20240820191021-7dcd046e6ca0 h1:gHKnViRpx6JTGRi7BsTx6aYS7uQMDrzZuDn+YvX+z4k=
github.com/nesterow/dal/pkg/handler v0.0.0-20240820191021-7dcd046e6ca0/go.mod h1:i4tcNBAjOT58wvUw3axB+wkx6zdrNt+RVmMbfZ4uPDw=
github.com/nesterow/dal/pkg/proto v0.0.0-20240820175837-f06ad4a34238 h1:l+xA7XlNvhKc3gjiQAzOr85LaIk/ZF4Z7Swwo8jPJfk=
github.com/nesterow/dal/pkg/proto v0.0.0-20240820175837-f06ad4a34238/go.mod h1:tNmIeC23OmDC7p0K7YVOayItJOVvjy0VVR6jfOxMO4Y=
github.com/nesterow/dal/pkg/utils v0.0.0-20240820175837-f06ad4a34238 h1:r9B7Gjs1G0R/UU6eUNzgomLgA961JkLj8pPM8mTIs3I=
github.com/nesterow/dal/pkg/utils v0.0.0-20240820175837-f06ad4a34238/go.mod h1:0XWmrxZfyoEAZoCOxP3quEOP7ZNK2Lhvtpeux8C74mw=
github.com/philhofer/fwd v1.1.3-0.20240612014219-fbbf4953d986 h1:jYi87L8j62qkXzaYHAQAhEapgukhenIMZRBKTNRLHJ4=
github.com/philhofer/fwd v1.1.3-0.20240612014219-fbbf4953d986/go.mod h1:RqIHx9QI14HlwKwm98g9Re5prTQ6LdeRQn+gXJFxsJM=
github.com/pkg/errors v0.9.1 h1:FEBLx1zS214owpjy7qsBeixbURkuhQAwrK5UwLGTwt4=
github.com/pkg/errors v0.9.1/go.mod h1:bwawxfHBFNV+L2hUp1rHADufV3IMtnDRdf1r5NINEl0=
github.com/tinylib/msgp v1.2.0 h1:0uKB/662twsVBpYUPbokj4sTSKhWFKB7LopO2kWK8lY=
github.com/tinylib/msgp v1.2.0/go.mod h1:2vIGs3lcUo8izAATNobrCHevYZC/LMsJtw4JPiYPHro=
