github.com/nesterow/dal/pkg/adapter v0.0.0-20240820192515-7a408c994181 h1:wwWMAG/Uu/layF1wu6dJiUej0zisaVQRfyTNqjJpxac=
github.com/nesterow/dal/pkg/adapter v0.0.0-20240820192515-7a408c994181/go.mod h1:TCkoNn14Hgl+iVENr73GHaDVEuAg8KizH0oXaV2qMKs=
github.com/nesterow/dal/pkg/filters v0.0.0-20240820192515-7a408c994181 h1:Vi6v1T68/oayGfoX8k/FpgvfMsCUqxMsowTHKXY70VE=
github.com/nesterow/dal/pkg/filters v0.0.0-20240820192515-7a408c994181/go.mod h1:6aUr+2+D+184FTSXgziW6r1bvcKTY+Ie3TW4iET0g6I=
github.com/nesterow/dal/pkg/utils v0.0.0-20240820192515-7a408c994181 h1:b/D2uq18D6CzAh+NUyD1cM7s/q/aQZEpXy57iKyzg8k=
github.com/nesterow/dal/pkg/utils v0.0.0-20240820192515-7a408c994181/go.mod h1:0XWmrxZfyoEAZoCOxP3quEOP7ZNK2Lhvtpeux8C74mw=
github.com/pkg/errors v0.9.1 h1:FEBLx1zS214owpjy7qsBeixbURkuhQAwrK5UwLGTwt4=
github.com/pkg/errors v0.9.1/go.mod h1:bwawxfHBFNV+L2hUp1rHADufV3IMtnDRdf1r5NINEl0=
