github.com/mattn/go-sqlite3 v1.14.22 h1:2gZY6PC6kBnID23Tichd1K+Z0oS6nE/XwU+Vz/5o4kU=
github.com/mattn/go-sqlite3 v1.14.22/go.mod h1:Uh1q+B4BYcTPb+yiD3kU8Ct7aC0hY9fxUwlHK0RXw+Y=
github.com/nesterow/dal/pkg/adapter v0.0.0-20240820192515-7a408c994181 h1:wwWMAG/Uu/layF1wu6dJiUej0zisaVQRfyTNqjJpxac=
github.com/nesterow/dal/pkg/adapter v0.0.0-20240820192515-7a408c994181/go.mod h1:TCkoNn14Hgl+iVENr73GHaDVEuAg8KizH0oXaV2qMKs=
github.com/nesterow/dal/pkg/builder v0.0.0-20240820191021-7dcd046e6ca0 h1:S37CEWRRLdeLA3V8J4XEa8CmmO4Z+auifYf1GfNRo64=
github.com/nesterow/dal/pkg/builder v0.0.0-20240820191021-7dcd046e6ca0/go.mod h1:EmozdaZEPYE2+4qpK1cw0eIS8yx9LcrVRKstvq2dgCg=
github.com/nesterow/dal/pkg/filters v0.0.0-20240820191021-7dcd046e6ca0 h1:2CDPDKwR+PSGCI6dMbSqI5Zf8Ugg9nY2CMN87BDZ1Xg=
github.com/nesterow/dal/pkg/filters v0.0.0-20240820191021-7dcd046e6ca0/go.mod h1:1wKJbE/13P756EjkLU8xzbdhR+dJYfn6Vlw4J2jFJaA=
github.com/nesterow/dal/pkg/proto v0.0.0-20240820192515-7a408c994181 h1:HcGM9fagbbGa0r/6TRrg+lzRbW79sOr6yTczYkO1miw=
github.com/nesterow/dal/pkg/proto v0.0.0-20240820192515-7a408c994181/go.mod h1:MUS8KEmlNqjUuhNyK4TOkUwjT9893jmNm++ukVz2hzU=
github.com/nesterow/dal/pkg/utils v0.0.0-20240820192515-7a408c994181 h1:b/D2uq18D6CzAh+NUyD1cM7s/q/aQZEpXy57iKyzg8k=
github.com/nesterow/dal/pkg/utils v0.0.0-20240820192515-7a408c994181/go.mod h1:0XWmrxZfyoEAZoCOxP3quEOP7ZNK2Lhvtpeux8C74mw=
github.com/philhofer/fwd v1.1.3-0.20240612014219-fbbf4953d986 h1:jYi87L8j62qkXzaYHAQAhEapgukhenIMZRBKTNRLHJ4=
github.com/philhofer/fwd v1.1.3-0.20240612014219-fbbf4953d986/go.mod h1:RqIHx9QI14HlwKwm98g9Re5prTQ6LdeRQn+gXJFxsJM=
github.com/pkg/errors v0.9.1 h1:FEBLx1zS214owpjy7qsBeixbURkuhQAwrK5UwLGTwt4=
github.com/pkg/errors v0.9.1/go.mod h1:bwawxfHBFNV+L2hUp1rHADufV3IMtnDRdf1r5NINEl0=
github.com/tinylib/msgp v1.2.0 h1:0uKB/662twsVBpYUPbokj4sTSKhWFKB7LopO2kWK8lY=
github.com/tinylib/msgp v1.2.0/go.mod h1:2vIGs3lcUo8izAATNobrCHevYZC/LMsJtw4JPiYPHro=
